{
  "name": "mariabackup-s3",
  "version": "1.0.0",
  "lockfileVersion": 2,
  "requires": true,
  "packages": {
    "": {
      "name": "mariabackup-s3",
      "version": "1.0.0",
      "license": "ISC",
      "dependencies": {
        "commander": "^2.14.1",
        "dotenv": "^5.0.1",
        "grandfatherson": "^1.1.2",
        "lockfile": "^1.0.3",
        "moment": "^2.29.4",
        "progress": "^2.0.0",
        "s3": "github:limoragni/node-s3-client",
        "signal-exit": "^3.0.2"
      }
    },
    "node_modules/aws-sdk": {
      "version": "2.4.14",
      "resolved": "https://registry.npmjs.org/aws-sdk/-/aws-sdk-2.4.14.tgz",
      "integrity": "sha512-Aj+liiZUD25sFXrCP6UZZE/xa/v+gXGO+pKGQeOrRnET/AWq+fvUm+dbdFY2JsqIY767aFhnjW12yY81rc5q3Q==",
      "dependencies": {
        "jmespath": "0.15.0",
        "sax": "1.1.5",
        "xml2js": "0.4.15",
        "xmlbuilder": "2.6.2"
      },
      "engines": {
        "node": ">= 0.8.0"
      }
    },
    "node_modules/commander": {
      "version": "2.15.1",
      "resolved": "https://registry.npmjs.org/commander/-/commander-2.15.1.tgz",
      "integrity": "sha512-VlfT9F3V0v+jr4yxPc5gg9s62/fIVWsd2Bk2iD435um1NlGMYdVCq+MjcXnhYq2icNOizHr1kK+5TI6H0Hy0ag=="
    },
    "node_modules/dotenv": {
      "version": "5.0.1",
      "resolved": "https://registry.npmjs.org/dotenv/-/dotenv-5.0.1.tgz",
      "integrity": "sha512-4As8uPrjfwb7VXC+WnLCbXK7y+Ueb2B3zgNCePYfhxS1PYeaO1YTeplffTEcbfLhvFNGLAz90VvJs9yomG7bow==",
      "engines": {
        "node": ">=4.6.0"
      }
    },
    "node_modules/fd-slicer": {
      "version": "1.0.1",
      "resolved": "https://registry.npmjs.org/fd-slicer/-/fd-slicer-1.0.1.tgz",
      "integrity": "sha1-i1vL2ewyfFBBv5qwI/1nUPEXfmU=",
      "dependencies": {
        "pend": "~1.2.0"
      }
    },
    "node_modules/findit2": {
      "version": "2.2.3",
      "resolved": "https://registry.npmjs.org/findit2/-/findit2-2.2.3.tgz",
      "integrity": "sha1-WKRmaX34piBc39vzlVNri9d3pfY=",
      "engines": {
        "node": ">=0.8.22"
      }
    },
    "node_modules/graceful-fs": {
      "version": "4.1.15",
      "resolved": "https://registry.npmjs.org/graceful-fs/-/graceful-fs-4.1.15.tgz",
      "integrity": "sha512-6uHUhOPEBgQ24HM+r6b/QwWfZq+yiFcipKFrOFiBEnWdy5sdzYoi+pJeQaPI5qOLRFqWmAXUPQNsielzdLoecA=="
    },
    "node_modules/grandfatherson": {
      "version": "1.1.2",
      "resolved": "https://registry.npmjs.org/grandfatherson/-/grandfatherson-1.1.2.tgz",
      "integrity": "sha512-3rvDn5ODWXTFABpyDicVYnFJV4Nlhryj4eEk6WSwokZko7LlM39SS+qyBuLOQUdMy6X9uCkkPIedo8BeGONssA==",
      "dependencies": {
        "lodash": "^4.16.4",
        "moment": "^2.15.1"
      }
    },
    "node_modules/jmespath": {
      "version": "0.15.0",
      "resolved": "https://registry.npmjs.org/jmespath/-/jmespath-0.15.0.tgz",
      "integrity": "sha512-+kHj8HXArPfpPEKGLZ+kB5ONRTCiGQXo8RQYL0hH8t6pWXUBBK5KkkQmTNOwKK4LEsd0yTsgtjJVm4UBSZea4w==",
      "engines": {
        "node": ">= 0.6.0"
      }
    },
    "node_modules/lockfile": {
      "version": "1.0.3",
      "resolved": "https://registry.npmjs.org/lockfile/-/lockfile-1.0.3.tgz",
      "integrity": "sha1-Jjj8OaAzHpysGgS3F5mTHJxQ33k="
    },
    "node_modules/lodash": {
      "version": "4.17.21",
      "resolved": "https://registry.npmjs.org/lodash/-/lodash-4.17.21.tgz",
      "integrity": "sha512-v2kDEe57lecTulaDIuNTPy3Ry4gLGJ6Z1O3vE1krgXZNrsQ+LFTGHVxVjcXPs17LhbZVGedAJv8XZ1tvj5FvSg=="
    },
    "node_modules/mime": {
      "version": "1.2.11",
      "resolved": "https://registry.npmjs.org/mime/-/mime-1.2.11.tgz",
      "integrity": "sha1-WCA+7Ybjpe8XrtK32evUfwpg3RA="
    },
    "node_modules/minimist": {
      "version": "0.0.8",
      "resolved": "https://registry.npmjs.org/minimist/-/minimist-0.0.8.tgz",
      "integrity": "sha1-hX/Kv8M5fSYluCKCYuhqp6ARsF0="
    },
    "node_modules/mkdirp": {
      "version": "0.5.1",
      "resolved": "https://registry.npmjs.org/mkdirp/-/mkdirp-0.5.1.tgz",
      "integrity": "sha1-MAV0OOrGz3+MR2fzhkjWaX11yQM=",
      "deprecated": "Legacy versions of mkdirp are no longer supported. Please update to mkdirp 1.x. (Note that the API surface has changed to use Promises in 1.x.)",
      "dependencies": {
        "minimist": "0.0.8"
      },
      "bin": {
        "mkdirp": "bin/cmd.js"
      }
    },
    "node_modules/moment": {
      "version": "2.29.4",
      "resolved": "https://registry.npmjs.org/moment/-/moment-2.29.4.tgz",
      "integrity": "sha512-5LC9SOxjSc2HF6vO2CyuTDNivEdoz2IvyJJGj6X8DJ0eFyfszE0QiEd+iXmBvUP3WHxSjFH/vIsA0EN00cgr8w==",
      "engines": {
        "node": "*"
      }
    },
    "node_modules/pend": {
      "version": "1.2.0",
      "resolved": "https://registry.npmjs.org/pend/-/pend-1.2.0.tgz",
      "integrity": "sha1-elfrVQpng/kRUzH89GY9XI4AelA="
    },
    "node_modules/progress": {
      "version": "2.0.0",
      "resolved": "https://registry.npmjs.org/progress/-/progress-2.0.0.tgz",
      "integrity": "sha1-ihvjZr+Pwj2yvSPxDG/pILQ4nR8=",
      "engines": {
        "node": ">=0.4.0"
      }
    },
    "node_modules/rimraf": {
      "version": "2.2.8",
      "resolved": "https://registry.npmjs.org/rimraf/-/rimraf-2.2.8.tgz",
      "integrity": "sha1-5Dm+Kq7jJzIZUnMPmaiSnk/FBYI=",
      "bin": {
        "rimraf": "bin.js"
      }
    },
    "node_modules/s3": {
      "version": "4.4.0",
      "resolved": "git+ssh://git@github.com/limoragni/node-s3-client.git#3054a0db5baf55b90684d9f172468721777725c0",
      "license": "MIT",
      "dependencies": {
        "aws-sdk": "~2.4.9",
        "fd-slicer": "~1.0.0",
        "findit2": "~2.2.3",
        "graceful-fs": "~4.1.4",
        "mime": "~1.2.11",
        "mkdirp": "~0.5.0",
        "pend": "~1.2.0",
        "rimraf": "~2.2.8",
        "streamsink": "~1.2.0"
      },
      "engines": {
        "node": ">=0.10.20"
      }
    },
    "node_modules/sax": {
      "version": "1.1.5",
      "resolved": "https://registry.npmjs.org/sax/-/sax-1.1.5.tgz",
      "integrity": "sha512-z19WXQiOz8RBu3zDpOE9541RgB7Q5NecZ7SAgU3yUvqhMNvG4hTChbrutzpDyDSHmeHouR5Rqk4eup1o6C6dxQ=="
    },
    "node_modules/signal-exit": {
      "version": "3.0.7",
      "resolved": "https://registry.npmjs.org/signal-exit/-/signal-exit-3.0.7.tgz",
      "integrity": "sha512-wnD2ZE+l+SPC/uoS0vXeE9L1+0wuaMqKlfz9AMUo38JsyLSBWSFcHR1Rri62LZc12vLr1gb3jl7iwQhgwpAbGQ=="
    },
    "node_modules/streamsink": {
      "version": "1.2.0",
      "resolved": "https://registry.npmjs.org/streamsink/-/streamsink-1.2.0.tgz",
      "integrity": "sha1-76/unx4i01ke1949yqlcP1559zw="
    },
    "node_modules/xml2js": {
      "version": "0.4.15",
      "resolved": "https://registry.npmjs.org/xml2js/-/xml2js-0.4.15.tgz",
      "integrity": "sha512-7kiknY222Be8HfanusoisInC58cAnxE0W0u+5NrSF9piZh4RQDHfDzbRiOWjqY5CiHybCjlxI24mmjLOuZ4/rQ==",
      "dependencies": {
        "sax": ">=0.6.0",
        "xmlbuilder": ">=2.4.6"
      }
    },
    "node_modules/xmlbuilder": {
      "version": "2.6.2",
      "resolved": "https://registry.npmjs.org/xmlbuilder/-/xmlbuilder-2.6.2.tgz",
      "integrity": "sha512-wJQzq0KF5ZlHUR2LfkTldfT91recShIEBu1rWv3buMlZ7lfyJa8XreOuNjxRrnxdkqETPq+uF7RgDcXgY50T4w==",
      "dependencies": {
        "lodash": "~3.5.0"
      },
      "engines": {
        "node": ">=0.8.0"
      }
    },
    "node_modules/xmlbuilder/node_modules/lodash": {
      "version": "3.5.0",
      "resolved": "https://registry.npmjs.org/lodash/-/lodash-3.5.0.tgz",
      "integrity": "sha512-eC2gi6pEoXXAWKz1fKvWnA0wOdBPsvTVFT71szjM6dFoDE9llinK81xW4EH4QxF+wNZoVeLIxUp21BDPniMn4g=="
    }
  },
  "dependencies": {
    "aws-sdk": {
      "version": "2.4.14",
      "resolved": "https://registry.npmjs.org/aws-sdk/-/aws-sdk-2.4.14.tgz",
      "integrity": "sha512-Aj+liiZUD25sFXrCP6UZZE/xa/v+gXGO+pKGQeOrRnET/AWq+fvUm+dbdFY2JsqIY767aFhnjW12yY81rc5q3Q==",
      "requires": {
        "jmespath": "0.15.0",
        "sax": "1.1.5",
        "xml2js": "0.4.15",
        "xmlbuilder": "2.6.2"
      }
    },
    "commander": {
      "version": "2.15.1",
      "resolved": "https://registry.npmjs.org/commander/-/commander-2.15.1.tgz",
      "integrity": "sha512-VlfT9F3V0v+jr4yxPc5gg9s62/fIVWsd2Bk2iD435um1NlGMYdVCq+MjcXnhYq2icNOizHr1kK+5TI6H0Hy0ag=="
    },
    "dotenv": {
      "version": "5.0.1",
      "resolved": "https://registry.npmjs.org/dotenv/-/dotenv-5.0.1.tgz",
      "integrity": "sha512-4As8uPrjfwb7VXC+WnLCbXK7y+Ueb2B3zgNCePYfhxS1PYeaO1YTeplffTEcbfLhvFNGLAz90VvJs9yomG7bow=="
    },
    "fd-slicer": {
      "version": "1.0.1",
      "resolved": "https://registry.npmjs.org/fd-slicer/-/fd-slicer-1.0.1.tgz",
      "integrity": "sha1-i1vL2ewyfFBBv5qwI/1nUPEXfmU=",
      "requires": {
        "pend": "~1.2.0"
      }
    },
    "findit2": {
      "version": "2.2.3",
      "resolved": "https://registry.npmjs.org/findit2/-/findit2-2.2.3.tgz",
      "integrity": "sha1-WKRmaX34piBc39vzlVNri9d3pfY="
    },
    "graceful-fs": {
      "version": "4.1.15",
      "resolved": "https://registry.npmjs.org/graceful-fs/-/graceful-fs-4.1.15.tgz",
      "integrity": "sha512-6uHUhOPEBgQ24HM+r6b/QwWfZq+yiFcipKFrOFiBEnWdy5sdzYoi+pJeQaPI5qOLRFqWmAXUPQNsielzdLoecA=="
    },
    "grandfatherson": {
      "version": "1.1.2",
      "resolved": "https://registry.npmjs.org/grandfatherson/-/grandfatherson-1.1.2.tgz",
      "integrity": "sha512-3rvDn5ODWXTFABpyDicVYnFJV4Nlhryj4eEk6WSwokZko7LlM39SS+qyBuLOQUdMy6X9uCkkPIedo8BeGONssA==",
      "requires": {
        "lodash": "^4.16.4",
        "moment": "^2.15.1"
      }
    },
    "jmespath": {
      "version": "0.15.0",
      "resolved": "https://registry.npmjs.org/jmespath/-/jmespath-0.15.0.tgz",
      "integrity": "sha512-+kHj8HXArPfpPEKGLZ+kB5ONRTCiGQXo8RQYL0hH8t6pWXUBBK5KkkQmTNOwKK4LEsd0yTsgtjJVm4UBSZea4w=="
    },
    "lockfile": {
      "version": "1.0.3",
      "resolved": "https://registry.npmjs.org/lockfile/-/lockfile-1.0.3.tgz",
      "integrity": "sha1-Jjj8OaAzHpysGgS3F5mTHJxQ33k="
    },
    "lodash": {
      "version": "4.17.21",
      "resolved": "https://registry.npmjs.org/lodash/-/lodash-4.17.21.tgz",
      "integrity": "sha512-v2kDEe57lecTulaDIuNTPy3Ry4gLGJ6Z1O3vE1krgXZNrsQ+LFTGHVxVjcXPs17LhbZVGedAJv8XZ1tvj5FvSg=="
    },
    "mime": {
      "version": "1.2.11",
      "resolved": "https://registry.npmjs.org/mime/-/mime-1.2.11.tgz",
      "integrity": "sha1-WCA+7Ybjpe8XrtK32evUfwpg3RA="
    },
    "minimist": {
      "version": "0.0.8",
      "resolved": "https://registry.npmjs.org/minimist/-/minimist-0.0.8.tgz",
      "integrity": "sha1-hX/Kv8M5fSYluCKCYuhqp6ARsF0="
    },
    "mkdirp": {
      "version": "0.5.1",
      "resolved": "https://registry.npmjs.org/mkdirp/-/mkdirp-0.5.1.tgz",
      "integrity": "sha1-MAV0OOrGz3+MR2fzhkjWaX11yQM=",
      "requires": {
        "minimist": "0.0.8"
      }
    },
    "moment": {
      "version": "2.29.4",
      "resolved": "https://registry.npmjs.org/moment/-/moment-2.29.4.tgz",
      "integrity": "sha512-5LC9SOxjSc2HF6vO2CyuTDNivEdoz2IvyJJGj6X8DJ0eFyfszE0QiEd+iXmBvUP3WHxSjFH/vIsA0EN00cgr8w=="
    },
    "pend": {
      "version": "1.2.0",
      "resolved": "https://registry.npmjs.org/pend/-/pend-1.2.0.tgz",
      "integrity": "sha1-elfrVQpng/kRUzH89GY9XI4AelA="
    },
    "progress": {
      "version": "2.0.0",
      "resolved": "https://registry.npmjs.org/progress/-/progress-2.0.0.tgz",
      "integrity": "sha1-ihvjZr+Pwj2yvSPxDG/pILQ4nR8="
    },
    "rimraf": {
      "version": "2.2.8",
      "resolved": "https://registry.npmjs.org/rimraf/-/rimraf-2.2.8.tgz",
      "integrity": "sha1-5Dm+Kq7jJzIZUnMPmaiSnk/FBYI="
    },
    "s3": {
      "version": "git+ssh://git@github.com/limoragni/node-s3-client.git#3054a0db5baf55b90684d9f172468721777725c0",
      "from": "s3@github:limoragni/node-s3-client",
      "requires": {
        "aws-sdk": "~2.4.9",
        "fd-slicer": "~1.0.0",
        "findit2": "~2.2.3",
        "graceful-fs": "~4.1.4",
        "mime": "~1.2.11",
        "mkdirp": "~0.5.0",
        "pend": "~1.2.0",
        "rimraf": "~2.2.8",
        "streamsink": "~1.2.0"
      }
    },
    "sax": {
      "version": "1.1.5",
      "resolved": "https://registry.npmjs.org/sax/-/sax-1.1.5.tgz",
      "integrity": "sha512-z19WXQiOz8RBu3zDpOE9541RgB7Q5NecZ7SAgU3yUvqhMNvG4hTChbrutzpDyDSHmeHouR5Rqk4eup1o6C6dxQ=="
    },
    "signal-exit": {
      "version": "3.0.7",
      "resolved": "https://registry.npmjs.org/signal-exit/-/signal-exit-3.0.7.tgz",
      "integrity": "sha512-wnD2ZE+l+SPC/uoS0vXeE9L1+0wuaMqKlfz9AMUo38JsyLSBWSFcHR1Rri62LZc12vLr1gb3jl7iwQhgwpAbGQ=="
    },
    "streamsink": {
      "version": "1.2.0",
      "resolved": "https://registry.npmjs.org/streamsink/-/streamsink-1.2.0.tgz",
      "integrity": "sha1-76/unx4i01ke1949yqlcP1559zw="
    },
    "xml2js": {
      "version": "0.4.15",
      "resolved": "https://registry.npmjs.org/xml2js/-/xml2js-0.4.15.tgz",
      "integrity": "sha512-7kiknY222Be8HfanusoisInC58cAnxE0W0u+5NrSF9piZh4RQDHfDzbRiOWjqY5CiHybCjlxI24mmjLOuZ4/rQ==",
      "requires": {
        "sax": ">=0.6.0",
        "xmlbuilder": ">=2.4.6"
      }
    },
    "xmlbuilder": {
      "version": "2.6.2",
      "resolved": "https://registry.npmjs.org/xmlbuilder/-/xmlbuilder-2.6.2.tgz",
      "integrity": "sha512-wJQzq0KF5ZlHUR2LfkTldfT91recShIEBu1rWv3buMlZ7lfyJa8XreOuNjxRrnxdkqETPq+uF7RgDcXgY50T4w==",
      "requires": {
        "lodash": "~3.5.0"
      },
      "dependencies": {
        "lodash": {
          "version": "3.5.0",
          "resolved": "https://registry.npmjs.org/lodash/-/lodash-3.5.0.tgz",
          "integrity": "sha512-eC2gi6pEoXXAWKz1fKvWnA0wOdBPsvTVFT71szjM6dFoDE9llinK81xW4EH4QxF+wNZoVeLIxUp21BDPniMn4g=="
        }
      }
    }
  }
}
